PODS:
  - CalendarView (1.1.2):
    - SwiftMoment (~> 0.7)
  - SwiftMoment (0.7)

DEPENDENCIES:
  - CalendarView (from `..`)

EXTERNAL SOURCES:
  CalendarView:
    :path: ..

SPEC CHECKSUMS:
  CalendarView: b2dffb6c10bf615495aa76e91d661fb22a8d9094
  SwiftMoment: dc6dd27012e267819104cbb03f74ff9192dd0b42

PODFILE CHECKSUM: 6ac3a681e6517e5959cdd8abc0a97ff05b9d4d67

COCOAPODS: 1.4.0
