// !$*UTF8*$!
{
	archiveVersion = 1;
	classes = {
	};
	objectVersion = 46;
	objects = {

/* Begin PBXBuildFile section */
		0CA5ED7DD3A8D72C4450B8F0 /* Pods_CalendarViewDemo.framework in Frameworks */ = {isa = PBXBuildFile; fileRef = ED643DC9FC097B6D76BF996D /* Pods_CalendarViewDemo.framework */; };
		43B05B311AFC0D7F003336B9 /* AppDelegate.swift in Sources */ = {isa = PBXBuildFile; fileRef = 43B05B301AFC0D7F003336B9 /* AppDelegate.swift */; };
		43B05B331AFC0D7F003336B9 /* ViewController.swift in Sources */ = {isa = PBXBuildFile; fileRef = 43B05B321AFC0D7F003336B9 /* ViewController.swift */; };
		43B05B361AFC0D7F003336B9 /* Main.storyboard in Resources */ = {isa = PBXBuildFile; fileRef = 43B05B341AFC0D7F003336B9 /* Main.storyboard */; };
		43B05B381AFC0D7F003336B9 /* Images.xcassets in Resources */ = {isa = PBXBuildFile; fileRef = 43B05B371AFC0D7F003336B9 /* Images.xcassets */; };
		43B05B3B1AFC0D7F003336B9 /* LaunchScreen.xib in Resources */ = {isa = PBXBuildFile; fileRef = 43B05B391AFC0D7F003336B9 /* LaunchScreen.xib */; };
/* End PBXBuildFile section */

/* Begin PBXFileReference section */
		43B05B2B1AFC0D7F003336B9 /* CalendarViewDemo.app */ = {isa = PBXFileReference; explicitFileType = wrapper.application; includeInIndex = 0; path = CalendarViewDemo.app; sourceTree = BUILT_PRODUCTS_DIR; };
		43B05B2F1AFC0D7F003336B9 /* Info.plist */ = {isa = PBXFileReference; lastKnownFileType = text.plist.xml; path = Info.plist; sourceTree = "<group>"; };
		43B05B301AFC0D7F003336B9 /* AppDelegate.swift */ = {isa = PBXFileReference; lastKnownFileType = sourcecode.swift; path = AppDelegate.swift; sourceTree = "<group>"; };
		43B05B321AFC0D7F003336B9 /* ViewController.swift */ = {isa = PBXFileReference; lastKnownFileType = sourcecode.swift; path = ViewController.swift; sourceTree = "<group>"; };
		43B05B351AFC0D7F003336B9 /* Base */ = {isa = PBXFileReference; lastKnownFileType = file.storyboard; name = Base; path = Base.lproj/Main.storyboard; sourceTree = "<group>"; };
		43B05B371AFC0D7F003336B9 /* Images.xcassets */ = {isa = PBXFileReference; lastKnownFileType = folder.assetcatalog; path = Images.xcassets; sourceTree = "<group>"; };
		43B05B3A1AFC0D7F003336B9 /* Base */ = {isa = PBXFileReference; lastKnownFileType = file.xib; name = Base; path = Base.lproj/LaunchScreen.xib; sourceTree = "<group>"; };
		43B05B451AFC0D7F003336B9 /* Info.plist */ = {isa = PBXFileReference; lastKnownFileType = text.plist.xml; path = Info.plist; sourceTree = "<group>"; };
		43B05B461AFC0D7F003336B9 /* CalendarViewDemoTests.swift */ = {isa = PBXFileReference; lastKnownFileType = sourcecode.swift; path = CalendarViewDemoTests.swift; sourceTree = "<group>"; };
		4C8ADE98BDD8F818B0AE0F31 /* Pods-CalendarViewDemo.release.xcconfig */ = {isa = PBXFileReference; includeInIndex = 1; lastKnownFileType = text.xcconfig; name = "Pods-CalendarViewDemo.release.xcconfig"; path = "Pods/Target Support Files/Pods-CalendarViewDemo/Pods-CalendarViewDemo.release.xcconfig"; sourceTree = "<group>"; };
		55920C4940297FB97836E5CB /* Pods.framework */ = {isa = PBXFileReference; explicitFileType = wrapper.framework; includeInIndex = 0; path = Pods.framework; sourceTree = BUILT_PRODUCTS_DIR; };
		CBC922880626082E0785F822 /* Pods-CalendarViewDemo.debug.xcconfig */ = {isa = PBXFileReference; includeInIndex = 1; lastKnownFileType = text.xcconfig; name = "Pods-CalendarViewDemo.debug.xcconfig"; path = "Pods/Target Support Files/Pods-CalendarViewDemo/Pods-CalendarViewDemo.debug.xcconfig"; sourceTree = "<group>"; };
		ED643DC9FC097B6D76BF996D /* Pods_CalendarViewDemo.framework */ = {isa = PBXFileReference; explicitFileType = wrapper.framework; includeInIndex = 0; path = Pods_CalendarViewDemo.framework; sourceTree = BUILT_PRODUCTS_DIR; };
/* End PBXFileReference section */

/* Begin PBXFrameworksBuildPhase section */
		43B05B281AFC0D7F003336B9 /* Frameworks */ = {
			isa = PBXFrameworksBuildPhase;
			buildActionMask = 2147483647;
			files = (
				0CA5ED7DD3A8D72C4450B8F0 /* Pods_CalendarViewDemo.framework in Frameworks */,
			);
			runOnlyForDeploymentPostprocessing = 0;
		};
/* End PBXFrameworksBuildPhase section */

/* Begin PBXGroup section */
		06B86A272910DA2AD22F927E /* Frameworks */ = {
			isa = PBXGroup;
			children = (
				55920C4940297FB97836E5CB /* Pods.framework */,
				ED643DC9FC097B6D76BF996D /* Pods_CalendarViewDemo.framework */,
			);
			name = Frameworks;
			sourceTree = "<group>";
		};
		43B05B221AFC0D7F003336B9 = {
			isa = PBXGroup;
			children = (
				43B05B2D1AFC0D7F003336B9 /* CalendarViewDemo */,
				43B05B431AFC0D7F003336B9 /* CalendarViewDemoTests */,
				43B05B2C1AFC0D7F003336B9 /* Products */,
				06B86A272910DA2AD22F927E /* Frameworks */,
				A5A208233C7C1CB927F54B86 /* Pods */,
			);
			sourceTree = "<group>";
		};
		43B05B2C1AFC0D7F003336B9 /* Products */ = {
			isa = PBXGroup;
			children = (
				43B05B2B1AFC0D7F003336B9 /* CalendarViewDemo.app */,
			);
			name = Products;
			sourceTree = "<group>";
		};
		43B05B2D1AFC0D7F003336B9 /* CalendarViewDemo */ = {
			isa = PBXGroup;
			children = (
				43B05B301AFC0D7F003336B9 /* AppDelegate.swift */,
				43B05B321AFC0D7F003336B9 /* ViewController.swift */,
				43B05B341AFC0D7F003336B9 /* Main.storyboard */,
				43B05B371AFC0D7F003336B9 /* Images.xcassets */,
				43B05B391AFC0D7F003336B9 /* LaunchScreen.xib */,
				43B05B2E1AFC0D7F003336B9 /* Supporting Files */,
			);
			path = CalendarViewDemo;
			sourceTree = "<group>";
		};
		43B05B2E1AFC0D7F003336B9 /* Supporting Files */ = {
			isa = PBXGroup;
			children = (
				43B05B2F1AFC0D7F003336B9 /* Info.plist */,
			);
			name = "Supporting Files";
			sourceTree = "<group>";
		};
		43B05B431AFC0D7F003336B9 /* CalendarViewDemoTests */ = {
			isa = PBXGroup;
			children = (
				43B05B461AFC0D7F003336B9 /* CalendarViewDemoTests.swift */,
				43B05B441AFC0D7F003336B9 /* Supporting Files */,
			);
			path = CalendarViewDemoTests;
			sourceTree = "<group>";
		};
		43B05B441AFC0D7F003336B9 /* Supporting Files */ = {
			isa = PBXGroup;
			children = (
				43B05B451AFC0D7F003336B9 /* Info.plist */,
			);
			name = "Supporting Files";
			sourceTree = "<group>";
		};
		A5A208233C7C1CB927F54B86 /* Pods */ = {
			isa = PBXGroup;
			children = (
				CBC922880626082E0785F822 /* Pods-CalendarViewDemo.debug.xcconfig */,
				4C8ADE98BDD8F818B0AE0F31 /* Pods-CalendarViewDemo.release.xcconfig */,
			);
			name = Pods;
			sourceTree = "<group>";
		};
/* End PBXGroup section */

/* Begin PBXNativeTarget section */
		43B05B2A1AFC0D7F003336B9 /* CalendarViewDemo */ = {
			isa = PBXNativeTarget;
			buildConfigurationList = 43B05B4A1AFC0D7F003336B9 /* Build configuration list for PBXNativeTarget "CalendarViewDemo" */;
			buildPhases = (
				6E04BDCECDE8AB792F4EC60B /* [CP] Check Pods Manifest.lock */,
				43B05B271AFC0D7F003336B9 /* Sources */,
				43B05B281AFC0D7F003336B9 /* Frameworks */,
				43B05B291AFC0D7F003336B9 /* Resources */,
				78D71CB757F264BA6BFA11D1 /* [CP] Embed Pods Frameworks */,
				3172D3856823AD86FE47FBD6 /* [CP] Copy Pods Resources */,
			);
			buildRules = (
			);
			dependencies = (
			);
			name = CalendarViewDemo;
			productName = CalendarViewDemo;
			productReference = 43B05B2B1AFC0D7F003336B9 /* CalendarViewDemo.app */;
			productType = "com.apple.product-type.application";
		};
/* End PBXNativeTarget section */

/* Begin PBXProject section */
		43B05B231AFC0D7F003336B9 /* Project object */ = {
			isa = PBXProject;
			attributes = {
				LastSwiftUpdateCheck = 0700;
				LastUpgradeCheck = 0630;
				ORGANIZATIONNAME = "Nate Armstrong";
				TargetAttributes = {
					43B05B2A1AFC0D7F003336B9 = {
						CreatedOnToolsVersion = 6.3.1;
						DevelopmentTeam = 76AP3T3TSD;
					};
				};
			};
			buildConfigurationList = 43B05B261AFC0D7F003336B9 /* Build configuration list for PBXProject "CalendarViewDemo" */;
			compatibilityVersion = "Xcode 3.2";
			developmentRegion = English;
			hasScannedForEncodings = 0;
			knownRegions = (
				en,
				Base,
			);
			mainGroup = 43B05B221AFC0D7F003336B9;
			productRefGroup = 43B05B2C1AFC0D7F003336B9 /* Products */;
			projectDirPath = "";
			projectRoot = "";
			targets = (
				43B05B2A1AFC0D7F003336B9 /* CalendarViewDemo */,
			);
		};
/* End PBXProject section */

/* Begin PBXResourcesBuildPhase section */
		43B05B291AFC0D7F003336B9 /* Resources */ = {
			isa = PBXResourcesBuildPhase;
			buildActionMask = 2147483647;
			files = (
				43B05B361AFC0D7F003336B9 /* Main.storyboard in Resources */,
				43B05B3B1AFC0D7F003336B9 /* LaunchScreen.xib in Resources */,
				43B05B381AFC0D7F003336B9 /* Images.xcassets in Resources */,
			);
			runOnlyForDeploymentPostprocessing = 0;
		};
/* End PBXResourcesBuildPhase section */

/* Begin PBXShellScriptBuildPhase section */
		3172D3856823AD86FE47FBD6 /* [CP] Copy Pods Resources */ = {
			isa = PBXShellScriptBuildPhase;
			buildActionMask = 2147483647;
			files = (
			);
			inputPaths = (
			);
			name = "[CP] Copy Pods Resources";
			outputPaths = (
			);
			runOnlyForDeploymentPostprocessing = 0;
			shellPath = /bin/sh;
			shellScript = "\"${SRCROOT}/Pods/Target Support Files/Pods-CalendarViewDemo/Pods-CalendarViewDemo-resources.sh\"\n";
			showEnvVarsInLog = 0;
		};
		6E04BDCECDE8AB792F4EC60B /* [CP] Check Pods Manifest.lock */ = {
			isa = PBXShellScriptBuildPhase;
			buildActionMask = 2147483647;
			files = (
			);
			inputPaths = (
				"${PODS_PODFILE_DIR_PATH}/Podfile.lock",
				"${PODS_ROOT}/Manifest.lock",
			);
			name = "[CP] Check Pods Manifest.lock";
			outputPaths = (
				"$(DERIVED_FILE_DIR)/Pods-CalendarViewDemo-checkManifestLockResult.txt",
			);
			runOnlyForDeploymentPostprocessing = 0;
			shellPath = /bin/sh;
			shellScript = "diff \"${PODS_PODFILE_DIR_PATH}/Podfile.lock\" \"${PODS_ROOT}/Manifest.lock\" > /dev/null\nif [ $? != 0 ] ; then\n    # print error to STDERR\n    echo \"error: The sandbox is not in sync with the Podfile.lock. Run 'pod install' or update your CocoaPods installation.\" >&2\n    exit 1\nfi\n# This output is used by Xcode 'outputs' to avoid re-running this script phase.\necho \"SUCCESS\" > \"${SCRIPT_OUTPUT_FILE_0}\"\n";
			showEnvVarsInLog = 0;
		};
		78D71CB757F264BA6BFA11D1 /* [CP] Embed Pods Frameworks */ = {
			isa = PBXShellScriptBuildPhase;
			buildActionMask = 2147483647;
			files = (
			);
			inputPaths = (
				"${SRCROOT}/Pods/Target Support Files/Pods-CalendarViewDemo/Pods-CalendarViewDemo-frameworks.sh",
				"${BUILT_PRODUCTS_DIR}/CalendarView/CalendarView.framework",
				"${BUILT_PRODUCTS_DIR}/SwiftMoment/SwiftMoment.framework",
			);
			name = "[CP] Embed Pods Frameworks";
			outputPaths = (
				"${TARGET_BUILD_DIR}/${FRAMEWORKS_FOLDER_PATH}/CalendarView.framework",
				"${TARGET_BUILD_DIR}/${FRAMEWORKS_FOLDER_PATH}/SwiftMoment.framework",
			);
			runOnlyForDeploymentPostprocessing = 0;
			shellPath = /bin/sh;
			shellScript = "\"${SRCROOT}/Pods/Target Support Files/Pods-CalendarViewDemo/Pods-CalendarViewDemo-frameworks.sh\"\n";
			showEnvVarsInLog = 0;
		};
/* End PBXShellScriptBuildPhase section */

/* Begin PBXSourcesBuildPhase section */
		43B05B271AFC0D7F003336B9 /* Sources */ = {
			isa = PBXSourcesBuildPhase;
			buildActionMask = 2147483647;
			files = (
				43B05B331AFC0D7F003336B9 /* ViewController.swift in Sources */,
				43B05B311AFC0D7F003336B9 /* AppDelegate.swift in Sources */,
			);
			runOnlyForDeploymentPostprocessing = 0;
		};
/* End PBXSourcesBuildPhase section */

/* Begin PBXVariantGroup section */
		43B05B341AFC0D7F003336B9 /* Main.storyboard */ = {
			isa = PBXVariantGroup;
			children = (
				43B05B351AFC0D7F003336B9 /* Base */,
			);
			name = Main.storyboard;
			sourceTree = "<group>";
		};
		43B05B391AFC0D7F003336B9 /* LaunchScreen.xib */ = {
			isa = PBXVariantGroup;
			children = (
				43B05B3A1AFC0D7F003336B9 /* Base */,
			);
			name = LaunchScreen.xib;
			sourceTree = "<group>";
		};
/* End PBXVariantGroup section */

/* Begin XCBuildConfiguration section */
		43B05B481AFC0D7F003336B9 /* Debug */ = {
			isa = XCBuildConfiguration;
			buildSettings = {
				ALWAYS_SEARCH_USER_PATHS = NO;
				CLANG_CXX_LANGUAGE_STANDARD = "gnu++0x";
				CLANG_CXX_LIBRARY = "libc++";
				CLANG_ENABLE_MODULES = YES;
				CLANG_ENABLE_OBJC_ARC = YES;
				CLANG_WARN_BOOL_CONVERSION = YES;
				CLANG_WARN_CONSTANT_CONVERSION = YES;
				CLANG_WARN_DIRECT_OBJC_ISA_USAGE = YES_ERROR;
				CLANG_WARN_EMPTY_BODY = YES;
				CLANG_WARN_ENUM_CONVERSION = YES;
				CLANG_WARN_INT_CONVERSION = YES;
				CLANG_WARN_OBJC_ROOT_CLASS = YES_ERROR;
				CLANG_WARN_UNREACHABLE_CODE = YES;
				CLANG_WARN__DUPLICATE_METHOD_MATCH = YES;
				"CODE_SIGN_IDENTITY[sdk=iphoneos*]" = "iPhone Developer";
				COPY_PHASE_STRIP = NO;
				DEBUG_INFORMATION_FORMAT = "dwarf-with-dsym";
				ENABLE_STRICT_OBJC_MSGSEND = YES;
				GCC_C_LANGUAGE_STANDARD = gnu99;
				GCC_DYNAMIC_NO_PIC = NO;
				GCC_NO_COMMON_BLOCKS = YES;
				GCC_OPTIMIZATION_LEVEL = 0;
				GCC_PREPROCESSOR_DEFINITIONS = (
					"DEBUG=1",
					"$(inherited)",
				);
				GCC_SYMBOLS_PRIVATE_EXTERN = NO;
				GCC_WARN_64_TO_32_BIT_CONVERSION = YES;
				GCC_WARN_ABOUT_RETURN_TYPE = YES_ERROR;
				GCC_WARN_UNDECLARED_SELECTOR = YES;
				GCC_WARN_UNINITIALIZED_AUTOS = YES_AGGRESSIVE;
				GCC_WARN_UNUSED_FUNCTION = YES;
				GCC_WARN_UNUSED_VARIABLE = YES;
				IPHONEOS_DEPLOYMENT_TARGET = 8.3;
				MTL_ENABLE_DEBUG_INFO = YES;
				ONLY_ACTIVE_ARCH = YES;
				SDKROOT = iphoneos;
				SWIFT_OPTIMIZATION_LEVEL = "-Onone";
				TARGETED_DEVICE_FAMILY = "1,2";
			};
			name = Debug;
		};
		43B05B491AFC0D7F003336B9 /* Release */ = {
			isa = XCBuildConfiguration;
			buildSettings = {
				ALWAYS_SEARCH_USER_PATHS = NO;
				CLANG_CXX_LANGUAGE_STANDARD = "gnu++0x";
				CLANG_CXX_LIBRARY = "libc++";
				CLANG_ENABLE_MODULES = YES;
				CLANG_ENABLE_OBJC_ARC = YES;
				CLANG_WARN_BOOL_CONVERSION = YES;
				CLANG_WARN_CONSTANT_CONVERSION = YES;
				CLANG_WARN_DIRECT_OBJC_ISA_USAGE = YES_ERROR;
				CLANG_WARN_EMPTY_BODY = YES;
				CLANG_WARN_ENUM_CONVERSION = YES;
				CLANG_WARN_INT_CONVERSION = YES;
				CLANG_WARN_OBJC_ROOT_CLASS = YES_ERROR;
				CLANG_WARN_UNREACHABLE_CODE = YES;
				CLANG_WARN__DUPLICATE_METHOD_MATCH = YES;
				"CODE_SIGN_IDENTITY[sdk=iphoneos*]" = "iPhone Developer";
				COPY_PHASE_STRIP = NO;
				DEBUG_INFORMATION_FORMAT = "dwarf-with-dsym";
				ENABLE_NS_ASSERTIONS = NO;
				ENABLE_STRICT_OBJC_MSGSEND = YES;
				GCC_C_LANGUAGE_STANDARD = gnu99;
				GCC_NO_COMMON_BLOCKS = YES;
				GCC_WARN_64_TO_32_BIT_CONVERSION = YES;
				GCC_WARN_ABOUT_RETURN_TYPE = YES_ERROR;
				GCC_WARN_UNDECLARED_SELECTOR = YES;
				GCC_WARN_UNINITIALIZED_AUTOS = YES_AGGRESSIVE;
				GCC_WARN_UNUSED_FUNCTION = YES;
				GCC_WARN_UNUSED_VARIABLE = YES;
				IPHONEOS_DEPLOYMENT_TARGET = 8.3;
				MTL_ENABLE_DEBUG_INFO = NO;
				SDKROOT = iphoneos;
				TARGETED_DEVICE_FAMILY = "1,2";
				VALIDATE_PRODUCT = YES;
			};
			name = Release;
		};
		43B05B4B1AFC0D7F003336B9 /* Debug */ = {
			isa = XCBuildConfiguration;
			baseConfigurationReference = CBC922880626082E0785F822 /* Pods-CalendarViewDemo.debug.xcconfig */;
			buildSettings = {
				ASSETCATALOG_COMPILER_APPICON_NAME = AppIcon;
				DEVELOPMENT_TEAM = 76AP3T3TSD;
				INFOPLIST_FILE = CalendarViewDemo/Info.plist;
				IPHONEOS_DEPLOYMENT_TARGET = 10.0;
				LD_RUNPATH_SEARCH_PATHS = "$(inherited) @executable_path/Frameworks";
				PRODUCT_BUNDLE_IDENTIFIER = mn.test;
				PRODUCT_NAME = "$(TARGET_NAME)";
				SWIFT_VERSION = 4.0;
			};
			name = Debug;
		};
		43B05B4C1AFC0D7F003336B9 /* Release */ = {
			isa = XCBuildConfiguration;
			baseConfigurationReference = 4C8ADE98BDD8F818B0AE0F31 /* Pods-CalendarViewDemo.release.xcconfig */;
			buildSettings = {
				ASSETCATALOG_COMPILER_APPICON_NAME = AppIcon;
				DEVELOPMENT_TEAM = 76AP3T3TSD;
				INFOPLIST_FILE = CalendarViewDemo/Info.plist;
				IPHONEOS_DEPLOYMENT_TARGET = 10.0;
				LD_RUNPATH_SEARCH_PATHS = "$(inherited) @executable_path/Frameworks";
				PRODUCT_BUNDLE_IDENTIFIER = mn.test;
				PRODUCT_NAME = "$(TARGET_NAME)";
				SWIFT_VERSION = 4.0;
			};
			name = Release;
		};
/* End XCBuildConfiguration section */

/* Begin XCConfigurationList section */
		43B05B261AFC0D7F003336B9 /* Build configuration list for PBXProject "CalendarViewDemo" */ = {
			isa = XCConfigurationList;
			buildConfigurations = (
				43B05B481AFC0D7F003336B9 /* Debug */,
				43B05B491AFC0D7F003336B9 /* Release */,
			);
			defaultConfigurationIsVisible = 0;
			defaultConfigurationName = Release;
		};
		43B05B4A1AFC0D7F003336B9 /* Build configuration list for PBXNativeTarget "CalendarViewDemo" */ = {
			isa = XCConfigurationList;
			buildConfigurations = (
				43B05B4B1AFC0D7F003336B9 /* Debug */,
				43B05B4C1AFC0D7F003336B9 /* Release */,
			);
			defaultConfigurationIsVisible = 0;
			defaultConfigurationName = Release;
		};
/* End XCConfigurationList section */
	};
	rootObject = 43B05B231AFC0D7F003336B9 /* Project object */;
}
